// !$*UTF8*$!
{
	archiveVersion = 1;
	classes = {
	};
	objectVersion = 46;
	objects = {

/* Begin PBXBuildFile section */
		01ABFF871BFF152D00EEDF8C /* main.m in Sources */ = {isa = PBXBuildFile; fileRef = 01ABFF861BFF152D00EEDF8C /* main.m */; };
		01ABFF8A1BFF152D00EEDF8C /* AppDelegate.m in Sources */ = {isa = PBXBuildFile; fileRef = 01ABFF891BFF152D00EEDF8C /* AppDelegate.m */; };
		01ABFF8D1BFF152D00EEDF8C /* ViewController.m in Sources */ = {isa = PBXBuildFile; fileRef = 01ABFF8C1BFF152D00EEDF8C /* ViewController.m */; };
		01ABFF901BFF152D00EEDF8C /* Main.storyboard in Resources */ = {isa = PBXBuildFile; fileRef = 01ABFF8E1BFF152D00EEDF8C /* Main.storyboard */; };
		01ABFF921BFF152D00EEDF8C /* Assets.xcassets in Resources */ = {isa = PBXBuildFile; fileRef = 01ABFF911BFF152D00EEDF8C /* Assets.xcassets */; };
		01ABFF951BFF152D00EEDF8C /* LaunchScreen.storyboard in Resources */ = {isa = PBXBuildFile; fileRef = 01ABFF931BFF152D00EEDF8C /* LaunchScreen.storyboard */; };
		01ABFFAF1BFF15CA00EEDF8C /* AXAlbumTableViewCell.m in Sources */ = {isa = PBXBuildFile; fileRef = 01ABFF9E1BFF15CA00EEDF8C /* AXAlbumTableViewCell.m */; };
		01ABFFB01BFF15CA00EEDF8C /* AXAlbumViewController.m in Sources */ = {isa = PBXBuildFile; fileRef = 01ABFFA01BFF15CA00EEDF8C /* AXAlbumViewController.m */; };
		01ABFFB11BFF15CA00EEDF8C /* AXAssetsImageController.m in Sources */ = {isa = PBXBuildFile; fileRef = 01ABFFA21BFF15CA00EEDF8C /* AXAssetsImageController.m */; };
		01ABFFB21BFF15CA00EEDF8C /* AXImagePickerController.m in Sources */ = {isa = PBXBuildFile; fileRef = 01ABFFA41BFF15CA00EEDF8C /* AXImagePickerController.m */; };
		01ABFFB31BFF15CA00EEDF8C /* AXPhotoCollectionViewCell.m in Sources */ = {isa = PBXBuildFile; fileRef = 01ABFFA61BFF15CA00EEDF8C /* AXPhotoCollectionViewCell.m */; };
		01ABFFB41BFF15CA00EEDF8C /* AXPhotoViewController.m in Sources */ = {isa = PBXBuildFile; fileRef = 01ABFFA81BFF15CA00EEDF8C /* AXPhotoViewController.m */; };
		01ABFFB51BFF15CA00EEDF8C /* AXPreviewController.m in Sources */ = {isa = PBXBuildFile; fileRef = 01ABFFAA1BFF15CA00EEDF8C /* AXPreviewController.m */; };
		01ABFFB61BFF15CA00EEDF8C /* AXPreviewImageController.m in Sources */ = {isa = PBXBuildFile; fileRef = 01ABFFAC1BFF15CA00EEDF8C /* AXPreviewImageController.m */; };
		01ABFFB71BFF15CA00EEDF8C /* AXViewController.m in Sources */ = {isa = PBXBuildFile; fileRef = 01ABFFAE1BFF15CA00EEDF8C /* AXViewController.m */; };
		FA88E6F596DA29B68855B031 /* libPods.a in Frameworks */ = {isa = PBXBuildFile; fileRef = 3FD35434EF2F4F575FB79F30 /* libPods.a */; };
/* End PBXBuildFile section */

/* Begin PBXFileReference section */
		01ABFF821BFF152D00EEDF8C /* AXImagePickerController.app */ = {isa = PBXFileReference; explicitFileType = wrapper.application; includeInIndex = 0; path = AXImagePickerController.app; sourceTree = BUILT_PRODUCTS_DIR; };
		01ABFF861BFF152D00EEDF8C /* main.m */ = {isa = PBXFileReference; lastKnownFileType = sourcecode.c.objc; path = main.m; sourceTree = "<group>"; };
		01ABFF881BFF152D00EEDF8C /* AppDelegate.h */ = {isa = PBXFileReference; lastKnownFileType = sourcecode.c.h; path = AppDelegate.h; sourceTree = "<group>"; };
		01ABFF891BFF152D00EEDF8C /* AppDelegate.m */ = {isa = PBXFileReference; lastKnownFileType = sourcecode.c.objc; path = AppDelegate.m; sourceTree = "<group>"; };
		01ABFF8B1BFF152D00EEDF8C /* ViewController.h */ = {isa = PBXFileReference; lastKnownFileType = sourcecode.c.h; path = ViewController.h; sourceTree = "<group>"; };
		01ABFF8C1BFF152D00EEDF8C /* ViewController.m */ = {isa = PBXFileReference; lastKnownFileType = sourcecode.c.objc; path = ViewController.m; sourceTree = "<group>"; };
		01ABFF8F1BFF152D00EEDF8C /* Base */ = {isa = PBXFileReference; lastKnownFileType = file.storyboard; name = Base; path = Base.lproj/Main.storyboard; sourceTree = "<group>"; };
		01ABFF911BFF152D00EEDF8C /* Assets.xcassets */ = {isa = PBXFileReference; lastKnownFileType = folder.assetcatalog; path = Assets.xcassets; sourceTree = "<group>"; };
		01ABFF941BFF152D00EEDF8C /* Base */ = {isa = PBXFileReference; lastKnownFileType = file.storyboard; name = Base; path = Base.lproj/LaunchScreen.storyboard; sourceTree = "<group>"; };
		01ABFF961BFF152D00EEDF8C /* Info.plist */ = {isa = PBXFileReference; lastKnownFileType = text.plist.xml; path = Info.plist; sourceTree = "<group>"; };
		01ABFF9D1BFF15CA00EEDF8C /* AXAlbumTableViewCell.h */ = {isa = PBXFileReference; fileEncoding = 4; lastKnownFileType = sourcecode.c.h; path = AXAlbumTableViewCell.h; sourceTree = "<group>"; };
		01ABFF9E1BFF15CA00EEDF8C /* AXAlbumTableViewCell.m */ = {isa = PBXFileReference; fileEncoding = 4; lastKnownFileType = sourcecode.c.objc; path = AXAlbumTableViewCell.m; sourceTree = "<group>"; };
		01ABFF9F1BFF15CA00EEDF8C /* AXAlbumViewController.h */ = {isa = PBXFileReference; fileEncoding = 4; lastKnownFileType = sourcecode.c.h; path = AXAlbumViewController.h; sourceTree = "<group>"; };
		01ABFFA01BFF15CA00EEDF8C /* AXAlbumViewController.m */ = {isa = PBXFileReference; fileEncoding = 4; lastKnownFileType = sourcecode.c.objc; path = AXAlbumViewController.m; sourceTree = "<group>"; };
		01ABFFA11BFF15CA00EEDF8C /* AXAssetsImageController.h */ = {isa = PBXFileReference; fileEncoding = 4; lastKnownFileType = sourcecode.c.h; path = AXAssetsImageController.h; sourceTree = "<group>"; };
		01ABFFA21BFF15CA00EEDF8C /* AXAssetsImageController.m */ = {isa = PBXFileReference; fileEncoding = 4; lastKnownFileType = sourcecode.c.objc; path = AXAssetsImageController.m; sourceTree = "<group>"; };
		01ABFFA31BFF15CA00EEDF8C /* AXImagePickerController.h */ = {isa = PBXFileReference; fileEncoding = 4; lastKnownFileType = sourcecode.c.h; path = AXImagePickerController.h; sourceTree = "<group>"; };
		01ABFFA41BFF15CA00EEDF8C /* AXImagePickerController.m */ = {isa = PBXFileReference; fileEncoding = 4; lastKnownFileType = sourcecode.c.objc; path = AXImagePickerController.m; sourceTree = "<group>"; };
		01ABFFA51BFF15CA00EEDF8C /* AXPhotoCollectionViewCell.h */ = {isa = PBXFileReference; fileEncoding = 4; lastKnownFileType = sourcecode.c.h; path = AXPhotoCollectionViewCell.h; sourceTree = "<group>"; };
		01ABFFA61BFF15CA00EEDF8C /* AXPhotoCollectionViewCell.m */ = {isa = PBXFileReference; fileEncoding = 4; lastKnownFileType = sourcecode.c.objc; path = AXPhotoCollectionViewCell.m; sourceTree = "<group>"; };
		01ABFFA71BFF15CA00EEDF8C /* AXPhotoViewController.h */ = {isa = PBXFileReference; fileEncoding = 4; lastKnownFileType = sourcecode.c.h; path = AXPhotoViewController.h; sourceTree = "<group>"; };
		01ABFFA81BFF15CA00EEDF8C /* AXPhotoViewController.m */ = {isa = PBXFileReference; fileEncoding = 4; lastKnownFileType = sourcecode.c.objc; path = AXPhotoViewController.m; sourceTree = "<group>"; };
		01ABFFA91BFF15CA00EEDF8C /* AXPreviewController.h */ = {isa = PBXFileReference; fileEncoding = 4; lastKnownFileType = sourcecode.c.h; path = AXPreviewController.h; sourceTree = "<group>"; };
		01ABFFAA1BFF15CA00EEDF8C /* AXPreviewController.m */ = {isa = PBXFileReference; fileEncoding = 4; lastKnownFileType = sourcecode.c.objc; path = AXPreviewController.m; sourceTree = "<group>"; };
		01ABFFAB1BFF15CA00EEDF8C /* AXPreviewImageController.h */ = {isa = PBXFileReference; fileEncoding = 4; lastKnownFileType = sourcecode.c.h; path = AXPreviewImageController.h; sourceTree = "<group>"; };
		01ABFFAC1BFF15CA00EEDF8C /* AXPreviewImageController.m */ = {isa = PBXFileReference; fileEncoding = 4; lastKnownFileType = sourcecode.c.objc; path = AXPreviewImageController.m; sourceTree = "<group>"; };
		01ABFFAD1BFF15CA00EEDF8C /* AXViewController.h */ = {isa = PBXFileReference; fileEncoding = 4; lastKnownFileType = sourcecode.c.h; path = AXViewController.h; sourceTree = "<group>"; };
		01ABFFAE1BFF15CA00EEDF8C /* AXViewController.m */ = {isa = PBXFileReference; fileEncoding = 4; lastKnownFileType = sourcecode.c.objc; path = AXViewController.m; sourceTree = "<group>"; };
		3FD35434EF2F4F575FB79F30 /* libPods.a */ = {isa = PBXFileReference; explicitFileType = archive.ar; includeInIndex = 0; path = libPods.a; sourceTree = BUILT_PRODUCTS_DIR; };
		56E3A2C74E411C72B7BBD439 /* Pods.debug.xcconfig */ = {isa = PBXFileReference; includeInIndex = 1; lastKnownFileType = text.xcconfig; name = Pods.debug.xcconfig; path = "Pods/Target Support Files/Pods/Pods.debug.xcconfig"; sourceTree = "<group>"; };
		685A6A980E5D7C54D9781D0A /* Pods.release.xcconfig */ = {isa = PBXFileReference; includeInIndex = 1; lastKnownFileType = text.xcconfig; name = Pods.release.xcconfig; path = "Pods/Target Support Files/Pods/Pods.release.xcconfig"; sourceTree = "<group>"; };
/* End PBXFileReference section */

/* Begin PBXFrameworksBuildPhase section */
		01ABFF7F1BFF152D00EEDF8C /* Frameworks */ = {
			isa = PBXFrameworksBuildPhase;
			buildActionMask = 2147483647;
			files = (
				FA88E6F596DA29B68855B031 /* libPods.a in Frameworks */,
			);
			runOnlyForDeploymentPostprocessing = 0;
		};
/* End PBXFrameworksBuildPhase section */

/* Begin PBXGroup section */
		01ABFF791BFF152D00EEDF8C = {
			isa = PBXGroup;
			children = (
				01ABFF841BFF152D00EEDF8C /* AXImagePickerController */,
				01ABFF831BFF152D00EEDF8C /* Products */,
				EAC6485AF3A3540FC778A32F /* Pods */,
				DE357E9E3649314E875889CF /* Frameworks */,
			);
			sourceTree = "<group>";
		};
		01ABFF831BFF152D00EEDF8C /* Products */ = {
			isa = PBXGroup;
			children = (
				01ABFF821BFF152D00EEDF8C /* AXImagePickerController.app */,
			);
			name = Products;
			sourceTree = "<group>";
		};
		01ABFF841BFF152D00EEDF8C /* AXImagePickerController */ = {
			isa = PBXGroup;
			children = (
				01ABFF881BFF152D00EEDF8C /* AppDelegate.h */,
				01ABFF891BFF152D00EEDF8C /* AppDelegate.m */,
				01ABFF8B1BFF152D00EEDF8C /* ViewController.h */,
				01ABFF8C1BFF152D00EEDF8C /* ViewController.m */,
				01ABFF9C1BFF15CA00EEDF8C /* AXImagePickerController */,
				01ABFF8E1BFF152D00EEDF8C /* Main.storyboard */,
				01ABFF911BFF152D00EEDF8C /* Assets.xcassets */,
				01ABFF931BFF152D00EEDF8C /* LaunchScreen.storyboard */,
				01ABFF961BFF152D00EEDF8C /* Info.plist */,
				01ABFF851BFF152D00EEDF8C /* Supporting Files */,
			);
			path = AXImagePickerController;
			sourceTree = "<group>";
		};
		01ABFF851BFF152D00EEDF8C /* Supporting Files */ = {
			isa = PBXGroup;
			children = (
				01ABFF861BFF152D00EEDF8C /* main.m */,
			);
			name = "Supporting Files";
			sourceTree = "<group>";
		};
		01ABFF9C1BFF15CA00EEDF8C /* AXImagePickerController */ = {
			isa = PBXGroup;
			children = (
				01ABFFAD1BFF15CA00EEDF8C /* AXViewController.h */,
				01ABFFAE1BFF15CA00EEDF8C /* AXViewController.m */,
				01ABFFA91BFF15CA00EEDF8C /* AXPreviewController.h */,
				01ABFFAA1BFF15CA00EEDF8C /* AXPreviewController.m */,
				01ABFF9D1BFF15CA00EEDF8C /* AXAlbumTableViewCell.h */,
				01ABFF9E1BFF15CA00EEDF8C /* AXAlbumTableViewCell.m */,
				01ABFFA71BFF15CA00EEDF8C /* AXPhotoViewController.h */,
				01ABFFA81BFF15CA00EEDF8C /* AXPhotoViewController.m */,
				01ABFF9F1BFF15CA00EEDF8C /* AXAlbumViewController.h */,
				01ABFFA01BFF15CA00EEDF8C /* AXAlbumViewController.m */,
				01ABFFA31BFF15CA00EEDF8C /* AXImagePickerController.h */,
				01ABFFA41BFF15CA00EEDF8C /* AXImagePickerController.m */,
				01ABFFA11BFF15CA00EEDF8C /* AXAssetsImageController.h */,
				01ABFFA21BFF15CA00EEDF8C /* AXAssetsImageController.m */,
				01ABFFAB1BFF15CA00EEDF8C /* AXPreviewImageController.h */,
				01ABFFAC1BFF15CA00EEDF8C /* AXPreviewImageController.m */,
				01ABFFA51BFF15CA00EEDF8C /* AXPhotoCollectionViewCell.h */,
				01ABFFA61BFF15CA00EEDF8C /* AXPhotoCollectionViewCell.m */,
			);
			path = AXImagePickerController;
			sourceTree = "<group>";
		};
		DE357E9E3649314E875889CF /* Frameworks */ = {
			isa = PBXGroup;
			children = (
				3FD35434EF2F4F575FB79F30 /* libPods.a */,
			);
			name = Frameworks;
			sourceTree = "<group>";
		};
		EAC6485AF3A3540FC778A32F /* Pods */ = {
			isa = PBXGroup;
			children = (
				56E3A2C74E411C72B7BBD439 /* Pods.debug.xcconfig */,
				685A6A980E5D7C54D9781D0A /* Pods.release.xcconfig */,
			);
			name = Pods;
			sourceTree = "<group>";
		};
/* End PBXGroup section */

/* Begin PBXNativeTarget section */
		01ABFF811BFF152D00EEDF8C /* AXImagePickerController */ = {
			isa = PBXNativeTarget;
			buildConfigurationList = 01ABFF991BFF152D00EEDF8C /* Build configuration list for PBXNativeTarget "AXImagePickerController" */;
			buildPhases = (
				9AD7E37BFF1DE5C05AC135BC /* Check Pods Manifest.lock */,
				01ABFF7E1BFF152D00EEDF8C /* Sources */,
				01ABFF7F1BFF152D00EEDF8C /* Frameworks */,
				01ABFF801BFF152D00EEDF8C /* Resources */,
				8275B2396DB02151E08A08F8 /* Embed Pods Frameworks */,
				6EA6CC0CA0E9ABA74804DBBE /* Copy Pods Resources */,
			);
			buildRules = (
			);
			dependencies = (
			);
			name = AXImagePickerController;
			productName = AXImagePickerController;
			productReference = 01ABFF821BFF152D00EEDF8C /* AXImagePickerController.app */;
			productType = "com.apple.product-type.application";
		};
/* End PBXNativeTarget section */

/* Begin PBXProject section */
		01ABFF7A1BFF152D00EEDF8C /* Project object */ = {
			isa = PBXProject;
			attributes = {
				LastUpgradeCheck = 0710;
				ORGANIZATIONNAME = AiXing;
				TargetAttributes = {
					01ABFF811BFF152D00EEDF8C = {
						CreatedOnToolsVersion = 7.1.1;
					};
				};
			};
			buildConfigurationList = 01ABFF7D1BFF152D00EEDF8C /* Build configuration list for PBXProject "AXImagePickerController" */;
			compatibilityVersion = "Xcode 3.2";
			developmentRegion = English;
			hasScannedForEncodings = 0;
			knownRegions = (
				en,
				Base,
			);
			mainGroup = 01ABFF791BFF152D00EEDF8C;
			productRefGroup = 01ABFF831BFF152D00EEDF8C /* Products */;
			projectDirPath = "";
			projectRoot = "";
			targets = (
				01ABFF811BFF152D00EEDF8C /* AXImagePickerController */,
			);
		};
/* End PBXProject section */

/* Begin PBXResourcesBuildPhase section */
		01ABFF801BFF152D00EEDF8C /* Resources */ = {
			isa = PBXResourcesBuildPhase;
			buildActionMask = 2147483647;
			files = (
				01ABFF951BFF152D00EEDF8C /* LaunchScreen.storyboard in Resources */,
				01ABFF921BFF152D00EEDF8C /* Assets.xcassets in Resources */,
				01ABFF901BFF152D00EEDF8C /* Main.storyboard in Resources */,
			);
			runOnlyForDeploymentPostprocessing = 0;
		};
/* End PBXResourcesBuildPhase section */

/* Begin PBXShellScriptBuildPhase section */
		6EA6CC0CA0E9ABA74804DBBE /* Copy Pods Resources */ = {
			isa = PBXShellScriptBuildPhase;
			buildActionMask = 2147483647;
			files = (
			);
			inputPaths = (
			);
			name = "Copy Pods Resources";
			outputPaths = (
			);
			runOnlyForDeploymentPostprocessing = 0;
			shellPath = /bin/sh;
			shellScript = "\"${SRCROOT}/Pods/Target Support Files/Pods/Pods-resources.sh\"\n";
			showEnvVarsInLog = 0;
		};
		8275B2396DB02151E08A08F8 /* Embed Pods Frameworks */ = {
			isa = PBXShellScriptBuildPhase;
			buildActionMask = 2147483647;
			files = (
			);
			inputPaths = (
			);
			name = "Embed Pods Frameworks";
			outputPaths = (
			);
			runOnlyForDeploymentPostprocessing = 0;
			shellPath = /bin/sh;
			shellScript = "\"${SRCROOT}/Pods/Target Support Files/Pods/Pods-frameworks.sh\"\n";
			showEnvVarsInLog = 0;
		};
		9AD7E37BFF1DE5C05AC135BC /* Check Pods Manifest.lock */ = {
			isa = PBXShellScriptBuildPhase;
			buildActionMask = 2147483647;
			files = (
			);
			inputPaths = (
			);
			name = "Check Pods Manifest.lock";
			outputPaths = (
			);
			runOnlyForDeploymentPostprocessing = 0;
			shellPath = /bin/sh;
			shellScript = "diff \"${PODS_ROOT}/../Podfile.lock\" \"${PODS_ROOT}/Manifest.lock\" > /dev/null\nif [[ $? != 0 ]] ; then\n    cat << EOM\nerror: The sandbox is not in sync with the Podfile.lock. Run 'pod install' or update your CocoaPods installation.\nEOM\n    exit 1\nfi\n";
			showEnvVarsInLog = 0;
		};
/* End PBXShellScriptBuildPhase section */

/* Begin PBXSourcesBuildPhase section */
		01ABFF7E1BFF152D00EEDF8C /* Sources */ = {
			isa = PBXSourcesBuildPhase;
			buildActionMask = 2147483647;
			files = (
				01ABFFB31BFF15CA00EEDF8C /* AXPhotoCollectionViewCell.m in Sources */,
				01ABFFB71BFF15CA00EEDF8C /* AXViewController.m in Sources */,
				01ABFFB41BFF15CA00EEDF8C /* AXPhotoViewController.m in Sources */,
				01ABFF8D1BFF152D00EEDF8C /* ViewController.m in Sources */,
				01ABFFB11BFF15CA00EEDF8C /* AXAssetsImageController.m in Sources */,
				01ABFFB61BFF15CA00EEDF8C /* AXPreviewImageController.m in Sources */,
				01ABFF8A1BFF152D00EEDF8C /* AppDelegate.m in Sources */,
				01ABFFB01BFF15CA00EEDF8C /* AXAlbumViewController.m in Sources */,
				01ABFFAF1BFF15CA00EEDF8C /* AXAlbumTableViewCell.m in Sources */,
				01ABFF871BFF152D00EEDF8C /* main.m in Sources */,
				01ABFFB21BFF15CA00EEDF8C /* AXImagePickerController.m in Sources */,
				01ABFFB51BFF15CA00EEDF8C /* AXPreviewController.m in Sources */,
			);
			runOnlyForDeploymentPostprocessing = 0;
		};
/* End PBXSourcesBuildPhase section */

/* Begin PBXVariantGroup section */
		01ABFF8E1BFF152D00EEDF8C /* Main.storyboard */ = {
			isa = PBXVariantGroup;
			children = (
				01ABFF8F1BFF152D00EEDF8C /* Base */,
			);
			name = Main.storyboard;
			sourceTree = "<group>";
		};
		01ABFF931BFF152D00EEDF8C /* LaunchScreen.storyboard */ = {
			isa = PBXVariantGroup;
			children = (
				01ABFF941BFF152D00EEDF8C /* Base */,
			);
			name = LaunchScreen.storyboard;
			sourceTree = "<group>";
		};
/* End PBXVariantGroup section */

/* Begin XCBuildConfiguration section */
		01ABFF971BFF152D00EEDF8C /* Debug */ = {
			isa = XCBuildConfiguration;
			buildSettings = {
				ALWAYS_SEARCH_USER_PATHS = NO;
				CLANG_CXX_LANGUAGE_STANDARD = "gnu++0x";
				CLANG_CXX_LIBRARY = "libc++";
				CLANG_ENABLE_MODULES = YES;
				CLANG_ENABLE_OBJC_ARC = YES;
				CLANG_WARN_BOOL_CONVERSION = YES;
				CLANG_WARN_CONSTANT_CONVERSION = YES;
				CLANG_WARN_DIRECT_OBJC_ISA_USAGE = YES_ERROR;
				CLANG_WARN_EMPTY_BODY = YES;
				CLANG_WARN_ENUM_CONVERSION = YES;
				CLANG_WARN_INT_CONVERSION = YES;
				CLANG_WARN_OBJC_ROOT_CLASS = YES_ERROR;
				CLANG_WARN_UNREACHABLE_CODE = YES;
				CLANG_WARN__DUPLICATE_METHOD_MATCH = YES;
				"CODE_SIGN_IDENTITY[sdk=iphoneos*]" = "iPhone Developer";
				COPY_PHASE_STRIP = NO;
				DEBUG_INFORMATION_FORMAT = dwarf;
				ENABLE_STRICT_OBJC_MSGSEND = YES;
				ENABLE_TESTABILITY = YES;
				GCC_C_LANGUAGE_STANDARD = gnu99;
				GCC_DYNAMIC_NO_PIC = NO;
				GCC_NO_COMMON_BLOCKS = YES;
				GCC_OPTIMIZATION_LEVEL = 0;
				GCC_PREPROCESSOR_DEFINITIONS = (
					"DEBUG=1",
					"$(inherited)",
				);
				GCC_WARN_64_TO_32_BIT_CONVERSION = YES;
				GCC_WARN_ABOUT_RETURN_TYPE = YES_ERROR;
				GCC_WARN_UNDECLARED_SELECTOR = YES;
				GCC_WARN_UNINITIALIZED_AUTOS = YES_AGGRESSIVE;
				GCC_WARN_UNUSED_FUNCTION = YES;
				GCC_WARN_UNUSED_VARIABLE = YES;
				IPHONEOS_DEPLOYMENT_TARGET = 9.1;
				MTL_ENABLE_DEBUG_INFO = YES;
				ONLY_ACTIVE_ARCH = YES;
				SDKROOT = iphoneos;
			};
			name = Debug;
		};
		01ABFF981BFF152D00EEDF8C /* Release */ = {
			isa = XCBuildConfiguration;
			buildSettings = {
				ALWAYS_SEARCH_USER_PATHS = NO;
				CLANG_CXX_LANGUAGE_STANDARD = "gnu++0x";
				CLANG_CXX_LIBRARY = "libc++";
				CLANG_ENABLE_MODULES = YES;
				CLANG_ENABLE_OBJC_ARC = YES;
				CLANG_WARN_BOOL_CONVERSION = YES;
				CLANG_WARN_CONSTANT_CONVERSION = YES;
				CLANG_WARN_DIRECT_OBJC_ISA_USAGE = YES_ERROR;
				CLANG_WARN_EMPTY_BODY = YES;
				CLANG_WARN_ENUM_CONVERSION = YES;
				CLANG_WARN_INT_CONVERSION = YES;
				CLANG_WARN_OBJC_ROOT_CLASS = YES_ERROR;
				CLANG_WARN_UNREACHABLE_CODE = YES;
				CLANG_WARN__DUPLICATE_METHOD_MATCH = YES;
				"CODE_SIGN_IDENTITY[sdk=iphoneos*]" = "iPhone Developer";
				COPY_PHASE_STRIP = NO;
				DEBUG_INFORMATION_FORMAT = "dwarf-with-dsym";
				ENABLE_NS_ASSERTIONS = NO;
				ENABLE_STRICT_OBJC_MSGSEND = YES;
				GCC_C_LANGUAGE_STANDARD = gnu99;
				GCC_NO_COMMON_BLOCKS = YES;
				GCC_WARN_64_TO_32_BIT_CONVERSION = YES;
				GCC_WARN_ABOUT_RETURN_TYPE = YES_ERROR;
				GCC_WARN_UNDECLARED_SELECTOR = YES;
				GCC_WARN_UNINITIALIZED_AUTOS = YES_AGGRESSIVE;
				GCC_WARN_UNUSED_FUNCTION = YES;
				GCC_WARN_UNUSED_VARIABLE = YES;
				IPHONEOS_DEPLOYMENT_TARGET = 9.1;
				MTL_ENABLE_DEBUG_INFO = NO;
				SDKROOT = iphoneos;
				VALIDATE_PRODUCT = YES;
			};
			name = Release;
		};
		01ABFF9A1BFF152D00EEDF8C /* Debug */ = {
			isa = XCBuildConfiguration;
			baseConfigurationReference = 56E3A2C74E411C72B7BBD439 /* Pods.debug.xcconfig */;
			buildSettings = {
				ASSETCATALOG_COMPILER_APPICON_NAME = AppIcon;
				INFOPLIST_FILE = AXImagePickerController/Info.plist;
				IPHONEOS_DEPLOYMENT_TARGET = 7.0;
				LD_RUNPATH_SEARCH_PATHS = "$(inherited) @executable_path/Frameworks";
				PRODUCT_BUNDLE_IDENTIFIER = KEEPStudio.AXImagePickerController;
				PRODUCT_NAME = "$(TARGET_NAME)";
			};
			name = Debug;
		};
		01ABFF9B1BFF152D00EEDF8C /* Release */ = {
			isa = XCBuildConfiguration;
			baseConfigurationReference = 685A6A980E5D7C54D9781D0A /* Pods.release.xcconfig */;
			buildSettings = {
				ASSETCATALOG_COMPILER_APPICON_NAME = AppIcon;
				INFOPLIST_FILE = AXImagePickerController/Info.plist;
				IPHONEOS_DEPLOYMENT_TARGET = 7.0;
				LD_RUNPATH_SEARCH_PATHS = "$(inherited) @executable_path/Frameworks";
				PRODUCT_BUNDLE_IDENTIFIER = KEEPStudio.AXImagePickerController;
				PRODUCT_NAME = "$(TARGET_NAME)";
			};
			name = Release;
		};
/* End XCBuildConfiguration section */

/* Begin XCConfigurationList section */
		01ABFF7D1BFF152D00EEDF8C /* Build configuration list for PBXProject "AXImagePickerController" */ = {
			isa = XCConfigurationList;
			buildConfigurations = (
				01ABFF971BFF152D00EEDF8C /* Debug */,
				01ABFF981BFF152D00EEDF8C /* Release */,
			);
			defaultConfigurationIsVisible = 0;
			defaultConfigurationName = Release;
		};
		01ABFF991BFF152D00EEDF8C /* Build configuration list for PBXNativeTarget "AXImagePickerController" */ = {
			isa = XCConfigurationList;
			buildConfigurations = (
				01ABFF9A1BFF152D00EEDF8C /* Debug */,
				01ABFF9B1BFF152D00EEDF8C /* Release */,
			);
			defaultConfigurationIsVisible = 0;
			defaultConfigurationName = Release;
		};
/* End XCConfigurationList section */
	};
	rootObject = 01ABFF7A1BFF152D00EEDF8C /* Project object */;
}
